
Microsoft Visual Studio Solution File, Format Version 12.00
# Visual Studio Version 16
VisualStudioVersion = 16.0.30804.86
MinimumVisualStudioVersion = 10.0.40219.1
Project("{FAE04EC0-301F-11D3-BF4B-00C04F79EFBC}") = "12M", "12M\12M.csproj", "{68E078AB-3299-4B46-9DED-A829085FD9CD}"
EndProject
Project("{FAE04EC0-301F-11D3-BF4B-00C04F79EFBC}") = "DAL", "DAL\DAL.csproj", "{88FFDE39-150B-4A2E-A12F-7740A0622621}"
EndProject
Global
	GlobalSection(SolutionConfigurationPlatforms) = preSolution
		Debug|Any CPU = Debug|Any CPU
		Release|Any CPU = Release|Any CPU
	EndGlobalSection
	GlobalSection(ProjectConfigurationPlatforms) = postSolution
		{68E078AB-3299-4B46-9DED-A829085FD9CD}.Debug|Any CPU.ActiveCfg = Debug|Any CPU
		{68E078AB-3299-4B46-9DED-A829085FD9CD}.Debug|Any CPU.Build.0 = Debug|Any CPU
		{68E078AB-3299-4B46-9DED-A829085FD9CD}.Release|Any CPU.ActiveCfg = Release|Any CPU
		{68E078AB-3299-4B46-9DED-A829085FD9CD}.Release|Any CPU.Build.0 = Release|Any CPU
		{88FFDE39-150B-4A2E-A12F-7740A0622621}.Debug|Any CPU.ActiveCfg = Debug|Any CPU
		{88FFDE39-150B-4A2E-A12F-7740A0622621}.Debug|Any CPU.Build.0 = Debug|Any CPU
		{88FFDE39-150B-4A2E-A12F-7740A0622621}.Release|Any CPU.ActiveCfg = Release|Any CPU
		{88FFDE39-150B-4A2E-A12F-7740A0622621}.Release|Any CPU.Build.0 = Release|Any CPU
	EndGlobalSection
	GlobalSection(SolutionProperties) = preSolution
		HideSolutionNode = FALSE
	EndGlobalSection
	GlobalSection(ExtensibilityGlobals) = postSolution
		SolutionGuid = {C6A9E6BD-7E76-464A-BF8B-6392099582FB}
	EndGlobalSection
EndGlobal
